// !$*UTF8*$!
{
	archiveVersion = 1;
	classes = {
	};
	objectVersion = 50;
	objects = {

/* Begin PBXBuildFile section */
		0263DE6D221F29B9005D1936 /* StartingEndingLocViewController.swift in Sources */ = {isa = PBXBuildFile; fileRef = 0263DE6C221F29B9005D1936 /* StartingEndingLocViewController.swift */; };
		0263DE76222081A5005D1936 /* DateTimePickerViewController.swift in Sources */ = {isa = PBXBuildFile; fileRef = 0263DE75222081A5005D1936 /* DateTimePickerViewController.swift */; };
		02DF27F82225FFBE0003ABEE /* ImageSoundViewController.swift in Sources */ = {isa = PBXBuildFile; fileRef = 02DF27F72225FFBE0003ABEE /* ImageSoundViewController.swift */; };
		02DF27FA22286D7B0003ABEE /* service-bell_daniel_simion.wav in Resources */ = {isa = PBXBuildFile; fileRef = 02DF27F922286D7A0003ABEE /* service-bell_daniel_simion.wav */; };
		02DF27FC222871500003ABEE /* AlarmGoingOffViewController.swift in Sources */ = {isa = PBXBuildFile; fileRef = 02DF27FB222871500003ABEE /* AlarmGoingOffViewController.swift */; };
		02EAA5EA2211065500C94CD0 /* AppDelegate.swift in Sources */ = {isa = PBXBuildFile; fileRef = 02EAA5E92211065500C94CD0 /* AppDelegate.swift */; };
		02EAA5EC2211065500C94CD0 /* ViewController.swift in Sources */ = {isa = PBXBuildFile; fileRef = 02EAA5EB2211065500C94CD0 /* ViewController.swift */; };
		02EAA5EF2211065500C94CD0 /* Main.storyboard in Resources */ = {isa = PBXBuildFile; fileRef = 02EAA5ED2211065500C94CD0 /* Main.storyboard */; };
		02EAA5F12211065800C94CD0 /* Assets.xcassets in Resources */ = {isa = PBXBuildFile; fileRef = 02EAA5F02211065800C94CD0 /* Assets.xcassets */; };
		02EAA5F42211065800C94CD0 /* LaunchScreen.storyboard in Resources */ = {isa = PBXBuildFile; fileRef = 02EAA5F22211065800C94CD0 /* LaunchScreen.storyboard */; };
		02EAA5FF2211065800C94CD0 /* hrubiecKatherine_GetMeThereTests.swift in Sources */ = {isa = PBXBuildFile; fileRef = 02EAA5FE2211065800C94CD0 /* hrubiecKatherine_GetMeThereTests.swift */; };
		02EAA60A2211065800C94CD0 /* hrubiecKatherine_GetMeThereUITests.swift in Sources */ = {isa = PBXBuildFile; fileRef = 02EAA6092211065800C94CD0 /* hrubiecKatherine_GetMeThereUITests.swift */; };
		02EAA618221107A900C94CD0 /* GoogleService-Info.plist in Resources */ = {isa = PBXBuildFile; fileRef = 02EAA617221107A900C94CD0 /* GoogleService-Info.plist */; };
		02F1BAF8221DCF6C00184666 /* FirstScreenViewController.swift in Sources */ = {isa = PBXBuildFile; fileRef = 02F1BAF7221DCF6C00184666 /* FirstScreenViewController.swift */; };
		02F1BAFE221DDAC100184666 /* SignUpViewController.swift in Sources */ = {isa = PBXBuildFile; fileRef = 02F1BAFD221DDAC100184666 /* SignUpViewController.swift */; };
		02F1BB00221DEF0C00184666 /* ListViewController.swift in Sources */ = {isa = PBXBuildFile; fileRef = 02F1BAFF221DEF0C00184666 /* ListViewController.swift */; };
		02F1BB02221DF34500184666 /* Alarm.swift in Sources */ = {isa = PBXBuildFile; fileRef = 02F1BB01221DF34500184666 /* Alarm.swift */; };
		02F1BB04221E20AB00184666 /* DetailViewController.swift in Sources */ = {isa = PBXBuildFile; fileRef = 02F1BB03221E20AB00184666 /* DetailViewController.swift */; };
		4A494FC208113BA87849F7B1 /* Pods_hrubiecKatherine_GetMeThereTests.framework in Frameworks */ = {isa = PBXBuildFile; fileRef = 8FF22186A5600480E890D03D /* Pods_hrubiecKatherine_GetMeThereTests.framework */; };
		730AC1B0C50572151711B00B /* Pods_hrubiecKatherine_GetMeThere.framework in Frameworks */ = {isa = PBXBuildFile; fileRef = 4A2BE97C086B6A5C001FFDA1 /* Pods_hrubiecKatherine_GetMeThere.framework */; };
		C083F9992ED8CE6FC475E2EB /* Pods_hrubiecKatherine_GetMeThereUITests.framework in Frameworks */ = {isa = PBXBuildFile; fileRef = DD9B2054392871B883A7EBB1 /* Pods_hrubiecKatherine_GetMeThereUITests.framework */; };
/* End PBXBuildFile section */

/* Begin PBXContainerItemProxy section */
		02EAA5FB2211065800C94CD0 /* PBXContainerItemProxy */ = {
			isa = PBXContainerItemProxy;
			containerPortal = 02EAA5DE2211065400C94CD0 /* Project object */;
			proxyType = 1;
			remoteGlobalIDString = 02EAA5E52211065500C94CD0;
			remoteInfo = hrubiecKatherine_GetMeThere;
		};
		02EAA6062211065800C94CD0 /* PBXContainerItemProxy */ = {
			isa = PBXContainerItemProxy;
			containerPortal = 02EAA5DE2211065400C94CD0 /* Project object */;
			proxyType = 1;
			remoteGlobalIDString = 02EAA5E52211065500C94CD0;
			remoteInfo = hrubiecKatherine_GetMeThere;
		};
/* End PBXContainerItemProxy section */

/* Begin PBXFileReference section */
		013182FE98690158A68C2220 /* Pods-hrubiecKatherine_GetMeThereUITests.release.xcconfig */ = {isa = PBXFileReference; includeInIndex = 1; lastKnownFileType = text.xcconfig; name = "Pods-hrubiecKatherine_GetMeThereUITests.release.xcconfig"; path = "Target Support Files/Pods-hrubiecKatherine_GetMeThereUITests/Pods-hrubiecKatherine_GetMeThereUITests.release.xcconfig"; sourceTree = "<group>"; };
		0263DE6C221F29B9005D1936 /* StartingEndingLocViewController.swift */ = {isa = PBXFileReference; lastKnownFileType = sourcecode.swift; path = StartingEndingLocViewController.swift; sourceTree = "<group>"; };
		0263DE72221FB369005D1936 /* hrubiecKatherine_GetMeThere-Bridging-Header.h */ = {isa = PBXFileReference; lastKnownFileType = sourcecode.c.h; path = "hrubiecKatherine_GetMeThere-Bridging-Header.h"; sourceTree = "<group>"; };
		0263DE75222081A5005D1936 /* DateTimePickerViewController.swift */ = {isa = PBXFileReference; lastKnownFileType = sourcecode.swift; path = DateTimePickerViewController.swift; sourceTree = "<group>"; };
		02DF27F72225FFBE0003ABEE /* ImageSoundViewController.swift */ = {isa = PBXFileReference; lastKnownFileType = sourcecode.swift; path = ImageSoundViewController.swift; sourceTree = "<group>"; };
		02DF27F922286D7A0003ABEE /* service-bell_daniel_simion.wav */ = {isa = PBXFileReference; lastKnownFileType = audio.wav; path = "service-bell_daniel_simion.wav"; sourceTree = "<group>"; };
		02DF27FB222871500003ABEE /* AlarmGoingOffViewController.swift */ = {isa = PBXFileReference; lastKnownFileType = sourcecode.swift; path = AlarmGoingOffViewController.swift; sourceTree = "<group>"; };
		02EAA5E62211065500C94CD0 /* hrubiecKatherine_GetMeThere.app */ = {isa = PBXFileReference; explicitFileType = wrapper.application; includeInIndex = 0; path = hrubiecKatherine_GetMeThere.app; sourceTree = BUILT_PRODUCTS_DIR; };
		02EAA5E92211065500C94CD0 /* AppDelegate.swift */ = {isa = PBXFileReference; lastKnownFileType = sourcecode.swift; path = AppDelegate.swift; sourceTree = "<group>"; };
		02EAA5EB2211065500C94CD0 /* ViewController.swift */ = {isa = PBXFileReference; lastKnownFileType = sourcecode.swift; path = ViewController.swift; sourceTree = "<group>"; };
		02EAA5EE2211065500C94CD0 /* Base */ = {isa = PBXFileReference; lastKnownFileType = file.storyboard; name = Base; path = Base.lproj/Main.storyboard; sourceTree = "<group>"; };
		02EAA5F02211065800C94CD0 /* Assets.xcassets */ = {isa = PBXFileReference; lastKnownFileType = folder.assetcatalog; path = Assets.xcassets; sourceTree = "<group>"; };
		02EAA5F32211065800C94CD0 /* Base */ = {isa = PBXFileReference; lastKnownFileType = file.storyboard; name = Base; path = Base.lproj/LaunchScreen.storyboard; sourceTree = "<group>"; };
		02EAA5F52211065800C94CD0 /* Info.plist */ = {isa = PBXFileReference; lastKnownFileType = text.plist.xml; path = Info.plist; sourceTree = "<group>"; };
		02EAA5FA2211065800C94CD0 /* hrubiecKatherine_GetMeThereTests.xctest */ = {isa = PBXFileReference; explicitFileType = wrapper.cfbundle; includeInIndex = 0; path = hrubiecKatherine_GetMeThereTests.xctest; sourceTree = BUILT_PRODUCTS_DIR; };
		02EAA5FE2211065800C94CD0 /* hrubiecKatherine_GetMeThereTests.swift */ = {isa = PBXFileReference; lastKnownFileType = sourcecode.swift; path = hrubiecKatherine_GetMeThereTests.swift; sourceTree = "<group>"; };
		02EAA6002211065800C94CD0 /* Info.plist */ = {isa = PBXFileReference; lastKnownFileType = text.plist.xml; path = Info.plist; sourceTree = "<group>"; };
		02EAA6052211065800C94CD0 /* hrubiecKatherine_GetMeThereUITests.xctest */ = {isa = PBXFileReference; explicitFileType = wrapper.cfbundle; includeInIndex = 0; path = hrubiecKatherine_GetMeThereUITests.xctest; sourceTree = BUILT_PRODUCTS_DIR; };
		02EAA6092211065800C94CD0 /* hrubiecKatherine_GetMeThereUITests.swift */ = {isa = PBXFileReference; lastKnownFileType = sourcecode.swift; path = hrubiecKatherine_GetMeThereUITests.swift; sourceTree = "<group>"; };
		02EAA60B2211065800C94CD0 /* Info.plist */ = {isa = PBXFileReference; lastKnownFileType = text.plist.xml; path = Info.plist; sourceTree = "<group>"; };
		02EAA617221107A900C94CD0 /* GoogleService-Info.plist */ = {isa = PBXFileReference; fileEncoding = 4; lastKnownFileType = text.plist.xml; path = "GoogleService-Info.plist"; sourceTree = "<group>"; };
		02F1BAF7221DCF6C00184666 /* FirstScreenViewController.swift */ = {isa = PBXFileReference; lastKnownFileType = sourcecode.swift; path = FirstScreenViewController.swift; sourceTree = "<group>"; };
		02F1BAFD221DDAC100184666 /* SignUpViewController.swift */ = {isa = PBXFileReference; lastKnownFileType = sourcecode.swift; path = SignUpViewController.swift; sourceTree = "<group>"; };
		02F1BAFF221DEF0C00184666 /* ListViewController.swift */ = {isa = PBXFileReference; lastKnownFileType = sourcecode.swift; path = ListViewController.swift; sourceTree = "<group>"; };
		02F1BB01221DF34500184666 /* Alarm.swift */ = {isa = PBXFileReference; lastKnownFileType = sourcecode.swift; path = Alarm.swift; sourceTree = "<group>"; };
		02F1BB03221E20AB00184666 /* DetailViewController.swift */ = {isa = PBXFileReference; lastKnownFileType = sourcecode.swift; path = DetailViewController.swift; sourceTree = "<group>"; };
		4A2BE97C086B6A5C001FFDA1 /* Pods_hrubiecKatherine_GetMeThere.framework */ = {isa = PBXFileReference; explicitFileType = wrapper.framework; includeInIndex = 0; path = Pods_hrubiecKatherine_GetMeThere.framework; sourceTree = BUILT_PRODUCTS_DIR; };
		506F7112FB1A32387C8E3646 /* Pods-hrubiecKatherine_GetMeThere.debug.xcconfig */ = {isa = PBXFileReference; includeInIndex = 1; lastKnownFileType = text.xcconfig; name = "Pods-hrubiecKatherine_GetMeThere.debug.xcconfig"; path = "Target Support Files/Pods-hrubiecKatherine_GetMeThere/Pods-hrubiecKatherine_GetMeThere.debug.xcconfig"; sourceTree = "<group>"; };
		817178BF980F3BEC7EACA33E /* Pods-hrubiecKatherine_GetMeThereTests.release.xcconfig */ = {isa = PBXFileReference; includeInIndex = 1; lastKnownFileType = text.xcconfig; name = "Pods-hrubiecKatherine_GetMeThereTests.release.xcconfig"; path = "Target Support Files/Pods-hrubiecKatherine_GetMeThereTests/Pods-hrubiecKatherine_GetMeThereTests.release.xcconfig"; sourceTree = "<group>"; };
		869458957FA4473D66A8E99C /* Pods-hrubiecKatherine_GetMeThereUITests.debug.xcconfig */ = {isa = PBXFileReference; includeInIndex = 1; lastKnownFileType = text.xcconfig; name = "Pods-hrubiecKatherine_GetMeThereUITests.debug.xcconfig"; path = "Target Support Files/Pods-hrubiecKatherine_GetMeThereUITests/Pods-hrubiecKatherine_GetMeThereUITests.debug.xcconfig"; sourceTree = "<group>"; };
		8FF22186A5600480E890D03D /* Pods_hrubiecKatherine_GetMeThereTests.framework */ = {isa = PBXFileReference; explicitFileType = wrapper.framework; includeInIndex = 0; path = Pods_hrubiecKatherine_GetMeThereTests.framework; sourceTree = BUILT_PRODUCTS_DIR; };
		C6D74FDF0EA05D4CE9670EA4 /* Pods-hrubiecKatherine_GetMeThere.release.xcconfig */ = {isa = PBXFileReference; includeInIndex = 1; lastKnownFileType = text.xcconfig; name = "Pods-hrubiecKatherine_GetMeThere.release.xcconfig"; path = "Target Support Files/Pods-hrubiecKatherine_GetMeThere/Pods-hrubiecKatherine_GetMeThere.release.xcconfig"; sourceTree = "<group>"; };
		DD9B2054392871B883A7EBB1 /* Pods_hrubiecKatherine_GetMeThereUITests.framework */ = {isa = PBXFileReference; explicitFileType = wrapper.framework; includeInIndex = 0; path = Pods_hrubiecKatherine_GetMeThereUITests.framework; sourceTree = BUILT_PRODUCTS_DIR; };
		EFAAE27A03BAEE04C141F14C /* Pods-hrubiecKatherine_GetMeThereTests.debug.xcconfig */ = {isa = PBXFileReference; includeInIndex = 1; lastKnownFileType = text.xcconfig; name = "Pods-hrubiecKatherine_GetMeThereTests.debug.xcconfig"; path = "Target Support Files/Pods-hrubiecKatherine_GetMeThereTests/Pods-hrubiecKatherine_GetMeThereTests.debug.xcconfig"; sourceTree = "<group>"; };
/* End PBXFileReference section */

/* Begin PBXFrameworksBuildPhase section */
		02EAA5E32211065500C94CD0 /* Frameworks */ = {
			isa = PBXFrameworksBuildPhase;
			buildActionMask = 2147483647;
			files = (
				730AC1B0C50572151711B00B /* Pods_hrubiecKatherine_GetMeThere.framework in Frameworks */,
			);
			runOnlyForDeploymentPostprocessing = 0;
		};
		02EAA5F72211065800C94CD0 /* Frameworks */ = {
			isa = PBXFrameworksBuildPhase;
			buildActionMask = 2147483647;
			files = (
				4A494FC208113BA87849F7B1 /* Pods_hrubiecKatherine_GetMeThereTests.framework in Frameworks */,
			);
			runOnlyForDeploymentPostprocessing = 0;
		};
		02EAA6022211065800C94CD0 /* Frameworks */ = {
			isa = PBXFrameworksBuildPhase;
			buildActionMask = 2147483647;
			files = (
				C083F9992ED8CE6FC475E2EB /* Pods_hrubiecKatherine_GetMeThereUITests.framework in Frameworks */,
			);
			runOnlyForDeploymentPostprocessing = 0;
		};
/* End PBXFrameworksBuildPhase section */

/* Begin PBXGroup section */
		02EAA5DD2211065400C94CD0 = {
			isa = PBXGroup;
			children = (
				02EAA5E82211065500C94CD0 /* hrubiecKatherine_GetMeThere */,
				02EAA5FD2211065800C94CD0 /* hrubiecKatherine_GetMeThereTests */,
				02EAA6082211065800C94CD0 /* hrubiecKatherine_GetMeThereUITests */,
				02EAA5E72211065500C94CD0 /* Products */,
				458CEBC0AFAC2CAE22D1977A /* Pods */,
				A86D55D64F530BC5C9BF9E7A /* Frameworks */,
			);
			sourceTree = "<group>";
		};
		02EAA5E72211065500C94CD0 /* Products */ = {
			isa = PBXGroup;
			children = (
				02EAA5E62211065500C94CD0 /* hrubiecKatherine_GetMeThere.app */,
				02EAA5FA2211065800C94CD0 /* hrubiecKatherine_GetMeThereTests.xctest */,
				02EAA6052211065800C94CD0 /* hrubiecKatherine_GetMeThereUITests.xctest */,
			);
			name = Products;
			sourceTree = "<group>";
		};
		02EAA5E82211065500C94CD0 /* hrubiecKatherine_GetMeThere */ = {
			isa = PBXGroup;
			children = (
				02EAA5E92211065500C94CD0 /* AppDelegate.swift */,
				02EAA617221107A900C94CD0 /* GoogleService-Info.plist */,
				02F1BAF7221DCF6C00184666 /* FirstScreenViewController.swift */,
				02EAA5EB2211065500C94CD0 /* ViewController.swift */,
				02F1BAFD221DDAC100184666 /* SignUpViewController.swift */,
				02F1BAFF221DEF0C00184666 /* ListViewController.swift */,
				02F1BB03221E20AB00184666 /* DetailViewController.swift */,
				0263DE6C221F29B9005D1936 /* StartingEndingLocViewController.swift */,
				0263DE75222081A5005D1936 /* DateTimePickerViewController.swift */,
				02DF27F72225FFBE0003ABEE /* ImageSoundViewController.swift */,
				02DF27FB222871500003ABEE /* AlarmGoingOffViewController.swift */,
				02F1BB01221DF34500184666 /* Alarm.swift */,
				02EAA5ED2211065500C94CD0 /* Main.storyboard */,
				02DF27F922286D7A0003ABEE /* service-bell_daniel_simion.wav */,
				02EAA5F02211065800C94CD0 /* Assets.xcassets */,
				02EAA5F22211065800C94CD0 /* LaunchScreen.storyboard */,
				02EAA5F52211065800C94CD0 /* Info.plist */,
				0263DE72221FB369005D1936 /* hrubiecKatherine_GetMeThere-Bridging-Header.h */,
			);
			path = hrubiecKatherine_GetMeThere;
			sourceTree = "<group>";
		};
		02EAA5FD2211065800C94CD0 /* hrubiecKatherine_GetMeThereTests */ = {
			isa = PBXGroup;
			children = (
				02EAA5FE2211065800C94CD0 /* hrubiecKatherine_GetMeThereTests.swift */,
				02EAA6002211065800C94CD0 /* Info.plist */,
			);
			path = hrubiecKatherine_GetMeThereTests;
			sourceTree = "<group>";
		};
		02EAA6082211065800C94CD0 /* hrubiecKatherine_GetMeThereUITests */ = {
			isa = PBXGroup;
			children = (
				02EAA6092211065800C94CD0 /* hrubiecKatherine_GetMeThereUITests.swift */,
				02EAA60B2211065800C94CD0 /* Info.plist */,
			);
			path = hrubiecKatherine_GetMeThereUITests;
			sourceTree = "<group>";
		};
		458CEBC0AFAC2CAE22D1977A /* Pods */ = {
			isa = PBXGroup;
			children = (
				506F7112FB1A32387C8E3646 /* Pods-hrubiecKatherine_GetMeThere.debug.xcconfig */,
				C6D74FDF0EA05D4CE9670EA4 /* Pods-hrubiecKatherine_GetMeThere.release.xcconfig */,
				EFAAE27A03BAEE04C141F14C /* Pods-hrubiecKatherine_GetMeThereTests.debug.xcconfig */,
				817178BF980F3BEC7EACA33E /* Pods-hrubiecKatherine_GetMeThereTests.release.xcconfig */,
				869458957FA4473D66A8E99C /* Pods-hrubiecKatherine_GetMeThereUITests.debug.xcconfig */,
				013182FE98690158A68C2220 /* Pods-hrubiecKatherine_GetMeThereUITests.release.xcconfig */,
			);
			path = Pods;
			sourceTree = "<group>";
		};
		A86D55D64F530BC5C9BF9E7A /* Frameworks */ = {
			isa = PBXGroup;
			children = (
				4A2BE97C086B6A5C001FFDA1 /* Pods_hrubiecKatherine_GetMeThere.framework */,
				8FF22186A5600480E890D03D /* Pods_hrubiecKatherine_GetMeThereTests.framework */,
				DD9B2054392871B883A7EBB1 /* Pods_hrubiecKatherine_GetMeThereUITests.framework */,
			);
			name = Frameworks;
			sourceTree = "<group>";
		};
/* End PBXGroup section */

/* Begin PBXNativeTarget section */
		02EAA5E52211065500C94CD0 /* hrubiecKatherine_GetMeThere */ = {
			isa = PBXNativeTarget;
			buildConfigurationList = 02EAA60E2211065800C94CD0 /* Build configuration list for PBXNativeTarget "hrubiecKatherine_GetMeThere" */;
			buildPhases = (
				5CC54DE385CF67F041AC3859 /* [CP] Check Pods Manifest.lock */,
				02EAA5E22211065500C94CD0 /* Sources */,
				02EAA5E32211065500C94CD0 /* Frameworks */,
				02EAA5E42211065500C94CD0 /* Resources */,
				5F5E71DC097688BAA77C2BF9 /* [CP] Embed Pods Frameworks */,
				14EC01A25F5682F82A2E8003 /* [CP] Copy Pods Resources */,
			);
			buildRules = (
			);
			dependencies = (
			);
			name = hrubiecKatherine_GetMeThere;
			productName = hrubiecKatherine_GetMeThere;
			productReference = 02EAA5E62211065500C94CD0 /* hrubiecKatherine_GetMeThere.app */;
			productType = "com.apple.product-type.application";
		};
		02EAA5F92211065800C94CD0 /* hrubiecKatherine_GetMeThereTests */ = {
			isa = PBXNativeTarget;
			buildConfigurationList = 02EAA6112211065800C94CD0 /* Build configuration list for PBXNativeTarget "hrubiecKatherine_GetMeThereTests" */;
			buildPhases = (
				4C2763C57D80810B2B724396 /* [CP] Check Pods Manifest.lock */,
				02EAA5F62211065800C94CD0 /* Sources */,
				02EAA5F72211065800C94CD0 /* Frameworks */,
				02EAA5F82211065800C94CD0 /* Resources */,
			);
			buildRules = (
			);
			dependencies = (
				02EAA5FC2211065800C94CD0 /* PBXTargetDependency */,
			);
			name = hrubiecKatherine_GetMeThereTests;
			productName = hrubiecKatherine_GetMeThereTests;
			productReference = 02EAA5FA2211065800C94CD0 /* hrubiecKatherine_GetMeThereTests.xctest */;
			productType = "com.apple.product-type.bundle.unit-test";
		};
		02EAA6042211065800C94CD0 /* hrubiecKatherine_GetMeThereUITests */ = {
			isa = PBXNativeTarget;
			buildConfigurationList = 02EAA6142211065800C94CD0 /* Build configuration list for PBXNativeTarget "hrubiecKatherine_GetMeThereUITests" */;
			buildPhases = (
				39A98767BD06AFC0D9F2D480 /* [CP] Check Pods Manifest.lock */,
				02EAA6012211065800C94CD0 /* Sources */,
				02EAA6022211065800C94CD0 /* Frameworks */,
				02EAA6032211065800C94CD0 /* Resources */,
			);
			buildRules = (
			);
			dependencies = (
				02EAA6072211065800C94CD0 /* PBXTargetDependency */,
			);
			name = hrubiecKatherine_GetMeThereUITests;
			productName = hrubiecKatherine_GetMeThereUITests;
			productReference = 02EAA6052211065800C94CD0 /* hrubiecKatherine_GetMeThereUITests.xctest */;
			productType = "com.apple.product-type.bundle.ui-testing";
		};
/* End PBXNativeTarget section */

/* Begin PBXProject section */
		02EAA5DE2211065400C94CD0 /* Project object */ = {
			isa = PBXProject;
			attributes = {
				LastSwiftUpdateCheck = 1010;
				LastUpgradeCheck = 1010;
				ORGANIZATIONNAME = Katie;
				TargetAttributes = {
					02EAA5E52211065500C94CD0 = {
						CreatedOnToolsVersion = 10.1;
						LastSwiftMigration = 1010;
						SystemCapabilities = {
							com.apple.BackgroundModes = {
								enabled = 1;
							};
						};
					};
					02EAA5F92211065800C94CD0 = {
						CreatedOnToolsVersion = 10.1;
						TestTargetID = 02EAA5E52211065500C94CD0;
					};
					02EAA6042211065800C94CD0 = {
						CreatedOnToolsVersion = 10.1;
						TestTargetID = 02EAA5E52211065500C94CD0;
					};
				};
			};
			buildConfigurationList = 02EAA5E12211065400C94CD0 /* Build configuration list for PBXProject "hrubiecKatherine_GetMeThere" */;
			compatibilityVersion = "Xcode 9.3";
			developmentRegion = en;
			hasScannedForEncodings = 0;
			knownRegions = (
				en,
				Base,
			);
			mainGroup = 02EAA5DD2211065400C94CD0;
			productRefGroup = 02EAA5E72211065500C94CD0 /* Products */;
			projectDirPath = "";
			projectRoot = "";
			targets = (
				02EAA5E52211065500C94CD0 /* hrubiecKatherine_GetMeThere */,
				02EAA5F92211065800C94CD0 /* hrubiecKatherine_GetMeThereTests */,
				02EAA6042211065800C94CD0 /* hrubiecKatherine_GetMeThereUITests */,
			);
		};
/* End PBXProject section */

/* Begin PBXResourcesBuildPhase section */
		02EAA5E42211065500C94CD0 /* Resources */ = {
			isa = PBXResourcesBuildPhase;
			buildActionMask = 2147483647;
			files = (
				02EAA5F42211065800C94CD0 /* LaunchScreen.storyboard in Resources */,
				02EAA618221107A900C94CD0 /* GoogleService-Info.plist in Resources */,
				02EAA5F12211065800C94CD0 /* Assets.xcassets in Resources */,
				02EAA5EF2211065500C94CD0 /* Main.storyboard in Resources */,
				02DF27FA22286D7B0003ABEE /* service-bell_daniel_simion.wav in Resources */,
			);
			runOnlyForDeploymentPostprocessing = 0;
		};
		02EAA5F82211065800C94CD0 /* Resources */ = {
			isa = PBXResourcesBuildPhase;
			buildActionMask = 2147483647;
			files = (
			);
			runOnlyForDeploymentPostprocessing = 0;
		};
		02EAA6032211065800C94CD0 /* Resources */ = {
			isa = PBXResourcesBuildPhase;
			buildActionMask = 2147483647;
			files = (
			);
			runOnlyForDeploymentPostprocessing = 0;
		};
/* End PBXResourcesBuildPhase section */

/* Begin PBXShellScriptBuildPhase section */
		14EC01A25F5682F82A2E8003 /* [CP] Copy Pods Resources */ = {
			isa = PBXShellScriptBuildPhase;
			buildActionMask = 2147483647;
			files = (
			);
			inputFileListPaths = (
			);
			inputPaths = (
				"${PODS_ROOT}/Target Support Files/Pods-hrubiecKatherine_GetMeThere/Pods-hrubiecKatherine_GetMeThere-resources.sh",
				"${PODS_ROOT}/GoogleMaps/Maps/Frameworks/GoogleMaps.framework/Resources/GoogleMaps.bundle",
			);
			name = "[CP] Copy Pods Resources";
			outputFileListPaths = (
			);
			outputPaths = (
				"${TARGET_BUILD_DIR}/${UNLOCALIZED_RESOURCES_FOLDER_PATH}/GoogleMaps.bundle",
			);
			runOnlyForDeploymentPostprocessing = 0;
			shellPath = /bin/sh;
			shellScript = "\"${PODS_ROOT}/Target Support Files/Pods-hrubiecKatherine_GetMeThere/Pods-hrubiecKatherine_GetMeThere-resources.sh\"\n";
			showEnvVarsInLog = 0;
		};
		39A98767BD06AFC0D9F2D480 /* [CP] Check Pods Manifest.lock */ = {
			isa = PBXShellScriptBuildPhase;
			buildActionMask = 2147483647;
			files = (
			);
			inputFileListPaths = (
			);
			inputPaths = (
				"${PODS_PODFILE_DIR_PATH}/Podfile.lock",
				"${PODS_ROOT}/Manifest.lock",
			);
			name = "[CP] Check Pods Manifest.lock";
			outputFileListPaths = (
			);
			outputPaths = (
				"$(DERIVED_FILE_DIR)/Pods-hrubiecKatherine_GetMeThereUITests-checkManifestLockResult.txt",
			);
			runOnlyForDeploymentPostprocessing = 0;
			shellPath = /bin/sh;
			shellScript = "diff \"${PODS_PODFILE_DIR_PATH}/Podfile.lock\" \"${PODS_ROOT}/Manifest.lock\" > /dev/null\nif [ $? != 0 ] ; then\n    # print error to STDERR\n    echo \"error: The sandbox is not in sync with the Podfile.lock. Run 'pod install' or update your CocoaPods installation.\" >&2\n    exit 1\nfi\n# This output is used by Xcode 'outputs' to avoid re-running this script phase.\necho \"SUCCESS\" > \"${SCRIPT_OUTPUT_FILE_0}\"\n";
			showEnvVarsInLog = 0;
		};
		4C2763C57D80810B2B724396 /* [CP] Check Pods Manifest.lock */ = {
			isa = PBXShellScriptBuildPhase;
			buildActionMask = 2147483647;
			files = (
			);
			inputFileListPaths = (
			);
			inputPaths = (
				"${PODS_PODFILE_DIR_PATH}/Podfile.lock",
				"${PODS_ROOT}/Manifest.lock",
			);
			name = "[CP] Check Pods Manifest.lock";
			outputFileListPaths = (
			);
			outputPaths = (
				"$(DERIVED_FILE_DIR)/Pods-hrubiecKatherine_GetMeThereTests-checkManifestLockResult.txt",
			);
			runOnlyForDeploymentPostprocessing = 0;
			shellPath = /bin/sh;
			shellScript = "diff \"${PODS_PODFILE_DIR_PATH}/Podfile.lock\" \"${PODS_ROOT}/Manifest.lock\" > /dev/null\nif [ $? != 0 ] ; then\n    # print error to STDERR\n    echo \"error: The sandbox is not in sync with the Podfile.lock. Run 'pod install' or update your CocoaPods installation.\" >&2\n    exit 1\nfi\n# This output is used by Xcode 'outputs' to avoid re-running this script phase.\necho \"SUCCESS\" > \"${SCRIPT_OUTPUT_FILE_0}\"\n";
			showEnvVarsInLog = 0;
		};
		5CC54DE385CF67F041AC3859 /* [CP] Check Pods Manifest.lock */ = {
			isa = PBXShellScriptBuildPhase;
			buildActionMask = 2147483647;
			files = (
			);
			inputFileListPaths = (
			);
			inputPaths = (
				"${PODS_PODFILE_DIR_PATH}/Podfile.lock",
				"${PODS_ROOT}/Manifest.lock",
			);
			name = "[CP] Check Pods Manifest.lock";
			outputFileListPaths = (
			);
			outputPaths = (
				"$(DERIVED_FILE_DIR)/Pods-hrubiecKatherine_GetMeThere-checkManifestLockResult.txt",
			);
			runOnlyForDeploymentPostprocessing = 0;
			shellPath = /bin/sh;
			shellScript = "diff \"${PODS_PODFILE_DIR_PATH}/Podfile.lock\" \"${PODS_ROOT}/Manifest.lock\" > /dev/null\nif [ $? != 0 ] ; then\n    # print error to STDERR\n    echo \"error: The sandbox is not in sync with the Podfile.lock. Run 'pod install' or update your CocoaPods installation.\" >&2\n    exit 1\nfi\n# This output is used by Xcode 'outputs' to avoid re-running this script phase.\necho \"SUCCESS\" > \"${SCRIPT_OUTPUT_FILE_0}\"\n";
			showEnvVarsInLog = 0;
		};
		5F5E71DC097688BAA77C2BF9 /* [CP] Embed Pods Frameworks */ = {
			isa = PBXShellScriptBuildPhase;
			buildActionMask = 2147483647;
			files = (
			);
			inputFileListPaths = (
			);
			inputPaths = (
				"${PODS_ROOT}/Target Support Files/Pods-hrubiecKatherine_GetMeThere/Pods-hrubiecKatherine_GetMeThere-frameworks.sh",
				"${BUILT_PRODUCTS_DIR}/GTMSessionFetcher/GTMSessionFetcher.framework",
				"${BUILT_PRODUCTS_DIR}/GoogleUtilities/GoogleUtilities.framework",
				"${BUILT_PRODUCTS_DIR}/leveldb-library/leveldb.framework",
				"${BUILT_PRODUCTS_DIR}/nanopb/nanopb.framework",
			);
			name = "[CP] Embed Pods Frameworks";
			outputFileListPaths = (
			);
			outputPaths = (
				"${TARGET_BUILD_DIR}/${FRAMEWORKS_FOLDER_PATH}/GTMSessionFetcher.framework",
				"${TARGET_BUILD_DIR}/${FRAMEWORKS_FOLDER_PATH}/GoogleUtilities.framework",
				"${TARGET_BUILD_DIR}/${FRAMEWORKS_FOLDER_PATH}/leveldb.framework",
				"${TARGET_BUILD_DIR}/${FRAMEWORKS_FOLDER_PATH}/nanopb.framework",
			);
			runOnlyForDeploymentPostprocessing = 0;
			shellPath = /bin/sh;
			shellScript = "\"${PODS_ROOT}/Target Support Files/Pods-hrubiecKatherine_GetMeThere/Pods-hrubiecKatherine_GetMeThere-frameworks.sh\"\n";
			showEnvVarsInLog = 0;
		};
/* End PBXShellScriptBuildPhase section */

/* Begin PBXSourcesBuildPhase section */
		02EAA5E22211065500C94CD0 /* Sources */ = {
			isa = PBXSourcesBuildPhase;
			buildActionMask = 2147483647;
			files = (
				02EAA5EC2211065500C94CD0 /* ViewController.swift in Sources */,
				02F1BAF8221DCF6C00184666 /* FirstScreenViewController.swift in Sources */,
				02DF27F82225FFBE0003ABEE /* ImageSoundViewController.swift in Sources */,
				02F1BB00221DEF0C00184666 /* ListViewController.swift in Sources */,
				02DF27FC222871500003ABEE /* AlarmGoingOffViewController.swift in Sources */,
				02EAA5EA2211065500C94CD0 /* AppDelegate.swift in Sources */,
				02F1BB02221DF34500184666 /* Alarm.swift in Sources */,
				02F1BAFE221DDAC100184666 /* SignUpViewController.swift in Sources */,
				0263DE6D221F29B9005D1936 /* StartingEndingLocViewController.swift in Sources */,
				0263DE76222081A5005D1936 /* DateTimePickerViewController.swift in Sources */,
				02F1BB04221E20AB00184666 /* DetailViewController.swift in Sources */,
			);
			runOnlyForDeploymentPostprocessing = 0;
		};
		02EAA5F62211065800C94CD0 /* Sources */ = {
			isa = PBXSourcesBuildPhase;
			buildActionMask = 2147483647;
			files = (
				02EAA5FF2211065800C94CD0 /* hrubiecKatherine_GetMeThereTests.swift in Sources */,
			);
			runOnlyForDeploymentPostprocessing = 0;
		};
		02EAA6012211065800C94CD0 /* Sources */ = {
			isa = PBXSourcesBuildPhase;
			buildActionMask = 2147483647;
			files = (
				02EAA60A2211065800C94CD0 /* hrubiecKatherine_GetMeThereUITests.swift in Sources */,
			);
			runOnlyForDeploymentPostprocessing = 0;
		};
/* End PBXSourcesBuildPhase section */

/* Begin PBXTargetDependency section */
		02EAA5FC2211065800C94CD0 /* PBXTargetDependency */ = {
			isa = PBXTargetDependency;
			target = 02EAA5E52211065500C94CD0 /* hrubiecKatherine_GetMeThere */;
			targetProxy = 02EAA5FB2211065800C94CD0 /* PBXContainerItemProxy */;
		};
		02EAA6072211065800C94CD0 /* PBXTargetDependency */ = {
			isa = PBXTargetDependency;
			target = 02EAA5E52211065500C94CD0 /* hrubiecKatherine_GetMeThere */;
			targetProxy = 02EAA6062211065800C94CD0 /* PBXContainerItemProxy */;
		};
/* End PBXTargetDependency section */

/* Begin PBXVariantGroup section */
		02EAA5ED2211065500C94CD0 /* Main.storyboard */ = {
			isa = PBXVariantGroup;
			children = (
				02EAA5EE2211065500C94CD0 /* Base */,
			);
			name = Main.storyboard;
			sourceTree = "<group>";
		};
		02EAA5F22211065800C94CD0 /* LaunchScreen.storyboard */ = {
			isa = PBXVariantGroup;
			children = (
				02EAA5F32211065800C94CD0 /* Base */,
			);
			name = LaunchScreen.storyboard;
			sourceTree = "<group>";
		};
/* End PBXVariantGroup section */

/* Begin XCBuildConfiguration section */
		02EAA60C2211065800C94CD0 /* Debug */ = {
			isa = XCBuildConfiguration;
			buildSettings = {
				ALWAYS_SEARCH_USER_PATHS = NO;
				CLANG_ANALYZER_NONNULL = YES;
				CLANG_ANALYZER_NUMBER_OBJECT_CONVERSION = YES_AGGRESSIVE;
				CLANG_CXX_LANGUAGE_STANDARD = "gnu++14";
				CLANG_CXX_LIBRARY = "libc++";
				CLANG_ENABLE_MODULES = YES;
				CLANG_ENABLE_OBJC_ARC = YES;
				CLANG_ENABLE_OBJC_WEAK = YES;
				CLANG_WARN_BLOCK_CAPTURE_AUTORELEASING = YES;
				CLANG_WARN_BOOL_CONVERSION = YES;
				CLANG_WARN_COMMA = YES;
				CLANG_WARN_CONSTANT_CONVERSION = YES;
				CLANG_WARN_DEPRECATED_OBJC_IMPLEMENTATIONS = YES;
				CLANG_WARN_DIRECT_OBJC_ISA_USAGE = YES_ERROR;
				CLANG_WARN_DOCUMENTATION_COMMENTS = YES;
				CLANG_WARN_EMPTY_BODY = YES;
				CLANG_WARN_ENUM_CONVERSION = YES;
				CLANG_WARN_INFINITE_RECURSION = YES;
				CLANG_WARN_INT_CONVERSION = YES;
				CLANG_WARN_NON_LITERAL_NULL_CONVERSION = YES;
				CLANG_WARN_OBJC_IMPLICIT_RETAIN_SELF = YES;
				CLANG_WARN_OBJC_LITERAL_CONVERSION = YES;
				CLANG_WARN_OBJC_ROOT_CLASS = YES_ERROR;
				CLANG_WARN_RANGE_LOOP_ANALYSIS = YES;
				CLANG_WARN_STRICT_PROTOTYPES = YES;
				CLANG_WARN_SUSPICIOUS_MOVE = YES;
				CLANG_WARN_UNGUARDED_AVAILABILITY = YES_AGGRESSIVE;
				CLANG_WARN_UNREACHABLE_CODE = YES;
				CLANG_WARN__DUPLICATE_METHOD_MATCH = YES;
				CODE_SIGN_IDENTITY = "iPhone Developer";
				COPY_PHASE_STRIP = NO;
				DEBUG_INFORMATION_FORMAT = dwarf;
				ENABLE_STRICT_OBJC_MSGSEND = YES;
				ENABLE_TESTABILITY = YES;
				GCC_C_LANGUAGE_STANDARD = gnu11;
				GCC_DYNAMIC_NO_PIC = NO;
				GCC_NO_COMMON_BLOCKS = YES;
				GCC_OPTIMIZATION_LEVEL = 0;
				GCC_PREPROCESSOR_DEFINITIONS = (
					"DEBUG=1",
					"$(inherited)",
				);
				GCC_WARN_64_TO_32_BIT_CONVERSION = YES;
				GCC_WARN_ABOUT_RETURN_TYPE = YES_ERROR;
				GCC_WARN_UNDECLARED_SELECTOR = YES;
				GCC_WARN_UNINITIALIZED_AUTOS = YES_AGGRESSIVE;
				GCC_WARN_UNUSED_FUNCTION = YES;
				GCC_WARN_UNUSED_VARIABLE = YES;
				IPHONEOS_DEPLOYMENT_TARGET = 12.1;
				MTL_ENABLE_DEBUG_INFO = INCLUDE_SOURCE;
				MTL_FAST_MATH = YES;
				ONLY_ACTIVE_ARCH = YES;
				SDKROOT = iphoneos;
				SWIFT_ACTIVE_COMPILATION_CONDITIONS = DEBUG;
				SWIFT_OPTIMIZATION_LEVEL = "-Onone";
			};
			name = Debug;
		};
		02EAA60D2211065800C94CD0 /* Release */ = {
			isa = XCBuildConfiguration;
			buildSettings = {
				ALWAYS_SEARCH_USER_PATHS = NO;
				CLANG_ANALYZER_NONNULL = YES;
				CLANG_ANALYZER_NUMBER_OBJECT_CONVERSION = YES_AGGRESSIVE;
				CLANG_CXX_LANGUAGE_STANDARD = "gnu++14";
				CLANG_CXX_LIBRARY = "libc++";
				CLANG_ENABLE_MODULES = YES;
				CLANG_ENABLE_OBJC_ARC = YES;
				CLANG_ENABLE_OBJC_WEAK = YES;
				CLANG_WARN_BLOCK_CAPTURE_AUTORELEASING = YES;
				CLANG_WARN_BOOL_CONVERSION = YES;
				CLANG_WARN_COMMA = YES;
				CLANG_WARN_CONSTANT_CONVERSION = YES;
				CLANG_WARN_DEPRECATED_OBJC_IMPLEMENTATIONS = YES;
				CLANG_WARN_DIRECT_OBJC_ISA_USAGE = YES_ERROR;
				CLANG_WARN_DOCUMENTATION_COMMENTS = YES;
				CLANG_WARN_EMPTY_BODY = YES;
				CLANG_WARN_ENUM_CONVERSION = YES;
				CLANG_WARN_INFINITE_RECURSION = YES;
				CLANG_WARN_INT_CONVERSION = YES;
				CLANG_WARN_NON_LITERAL_NULL_CONVERSION = YES;
				CLANG_WARN_OBJC_IMPLICIT_RETAIN_SELF = YES;
				CLANG_WARN_OBJC_LITERAL_CONVERSION = YES;
				CLANG_WARN_OBJC_ROOT_CLASS = YES_ERROR;
				CLANG_WARN_RANGE_LOOP_ANALYSIS = YES;
				CLANG_WARN_STRICT_PROTOTYPES = YES;
				CLANG_WARN_SUSPICIOUS_MOVE = YES;
				CLANG_WARN_UNGUARDED_AVAILABILITY = YES_AGGRESSIVE;
				CLANG_WARN_UNREACHABLE_CODE = YES;
				CLANG_WARN__DUPLICATE_METHOD_MATCH = YES;
				CODE_SIGN_IDENTITY = "iPhone Developer";
				COPY_PHASE_STRIP = NO;
				DEBUG_INFORMATION_FORMAT = "dwarf-with-dsym";
				ENABLE_NS_ASSERTIONS = NO;
				ENABLE_STRICT_OBJC_MSGSEND = YES;
				GCC_C_LANGUAGE_STANDARD = gnu11;
				GCC_NO_COMMON_BLOCKS = YES;
				GCC_WARN_64_TO_32_BIT_CONVERSION = YES;
				GCC_WARN_ABOUT_RETURN_TYPE = YES_ERROR;
				GCC_WARN_UNDECLARED_SELECTOR = YES;
				GCC_WARN_UNINITIALIZED_AUTOS = YES_AGGRESSIVE;
				GCC_WARN_UNUSED_FUNCTION = YES;
				GCC_WARN_UNUSED_VARIABLE = YES;
				IPHONEOS_DEPLOYMENT_TARGET = 12.1;
				MTL_ENABLE_DEBUG_INFO = NO;
				MTL_FAST_MATH = YES;
				SDKROOT = iphoneos;
				SWIFT_COMPILATION_MODE = wholemodule;
				SWIFT_OPTIMIZATION_LEVEL = "-O";
				VALIDATE_PRODUCT = YES;
			};
			name = Release;
		};
		02EAA60F2211065800C94CD0 /* Debug */ = {
			isa = XCBuildConfiguration;
			baseConfigurationReference = 506F7112FB1A32387C8E3646 /* Pods-hrubiecKatherine_GetMeThere.debug.xcconfig */;
			buildSettings = {
				ASSETCATALOG_COMPILER_APPICON_NAME = AppIcon;
				CLANG_ENABLE_MODULES = YES;
				CODE_SIGN_STYLE = Automatic;
				DEVELOPMENT_TEAM = 88PN9Q8BCY;
				INFOPLIST_FILE = hrubiecKatherine_GetMeThere/Info.plist;
				LD_RUNPATH_SEARCH_PATHS = (
					"$(inherited)",
					"@executable_path/Frameworks",
				);
				PRODUCT_BUNDLE_IDENTIFIER = "asdf.hrubiecKatherine-GetMeThere";
				PRODUCT_NAME = "$(TARGET_NAME)";
				SWIFT_OBJC_BRIDGING_HEADER = "hrubiecKatherine_GetMeThere/hrubiecKatherine_GetMeThere-Bridging-Header.h";
				SWIFT_OPTIMIZATION_LEVEL = "-Onone";
				SWIFT_VERSION = 4.2;
				TARGETED_DEVICE_FAMILY = "1,2";
			};
			name = Debug;
		};
		02EAA6102211065800C94CD0 /* Release */ = {
			isa = XCBuildConfiguration;
			baseConfigurationReference = C6D74FDF0EA05D4CE9670EA4 /* Pods-hrubiecKatherine_GetMeThere.release.xcconfig */;
			buildSettings = {
				ASSETCATALOG_COMPILER_APPICON_NAME = AppIcon;
				CLANG_ENABLE_MODULES = YES;
				CODE_SIGN_STYLE = Automatic;
				DEVELOPMENT_TEAM = 88PN9Q8BCY;
				INFOPLIST_FILE = hrubiecKatherine_GetMeThere/Info.plist;
				LD_RUNPATH_SEARCH_PATHS = (
					"$(inherited)",
					"@executable_path/Frameworks",
				);
				PRODUCT_BUNDLE_IDENTIFIER = "asdf.hrubiecKatherine-GetMeThere";
				PRODUCT_NAME = "$(TARGET_NAME)";
				SWIFT_OBJC_BRIDGING_HEADER = "hrubiecKatherine_GetMeThere/hrubiecKatherine_GetMeThere-Bridging-Header.h";
				SWIFT_VERSION = 4.2;
				TARGETED_DEVICE_FAMILY = "1,2";
			};
			name = Release;
		};
		02EAA6122211065800C94CD0 /* Debug */ = {
			isa = XCBuildConfiguration;
			baseConfigurationReference = EFAAE27A03BAEE04C141F14C /* Pods-hrubiecKatherine_GetMeThereTests.debug.xcconfig */;
			buildSettings = {
				ALWAYS_EMBED_SWIFT_STANDARD_LIBRARIES = YES;
				BUNDLE_LOADER = "$(TEST_HOST)";
				CODE_SIGN_STYLE = Automatic;
				DEVELOPMENT_TEAM = 88PN9Q8BCY;
				INFOPLIST_FILE = hrubiecKatherine_GetMeThereTests/Info.plist;
				LD_RUNPATH_SEARCH_PATHS = (
					"$(inherited)",
					"@executable_path/Frameworks",
					"@loader_path/Frameworks",
				);
				PRODUCT_BUNDLE_IDENTIFIER = "asdf.hrubiecKatherine-GetMeThereTests";
				PRODUCT_NAME = "$(TARGET_NAME)";
				SWIFT_VERSION = 4.2;
				TARGETED_DEVICE_FAMILY = "1,2";
				TEST_HOST = "$(BUILT_PRODUCTS_DIR)/hrubiecKatherine_GetMeThere.app/hrubiecKatherine_GetMeThere";
			};
			name = Debug;
		};
		02EAA6132211065800C94CD0 /* Release */ = {
			isa = XCBuildConfiguration;
			baseConfigurationReference = 817178BF980F3BEC7EACA33E /* Pods-hrubiecKatherine_GetMeThereTests.release.xcconfig */;
			buildSettings = {
				ALWAYS_EMBED_SWIFT_STANDARD_LIBRARIES = YES;
				BUNDLE_LOADER = "$(TEST_HOST)";
				CODE_SIGN_STYLE = Automatic;
				DEVELOPMENT_TEAM = 88PN9Q8BCY;
				INFOPLIST_FILE = hrubiecKatherine_GetMeThereTests/Info.plist;
				LD_RUNPATH_SEARCH_PATHS = (
					"$(inherited)",
					"@executable_path/Frameworks",
					"@loader_path/Frameworks",
				);
				PRODUCT_BUNDLE_IDENTIFIER = "asdf.hrubiecKatherine-GetMeThereTests";
				PRODUCT_NAME = "$(TARGET_NAME)";
				SWIFT_VERSION = 4.2;
				TARGETED_DEVICE_FAMILY = "1,2";
				TEST_HOST = "$(BUILT_PRODUCTS_DIR)/hrubiecKatherine_GetMeThere.app/hrubiecKatherine_GetMeThere";
			};
			name = Release;
		};
		02EAA6152211065800C94CD0 /* Debug */ = {
			isa = XCBuildConfiguration;
			baseConfigurationReference = 869458957FA4473D66A8E99C /* Pods-hrubiecKatherine_GetMeThereUITests.debug.xcconfig */;
			buildSettings = {
				ALWAYS_EMBED_SWIFT_STANDARD_LIBRARIES = YES;
				CODE_SIGN_STYLE = Automatic;
				DEVELOPMENT_TEAM = 88PN9Q8BCY;
				INFOPLIST_FILE = hrubiecKatherine_GetMeThereUITests/Info.plist;
				LD_RUNPATH_SEARCH_PATHS = (
					"$(inherited)",
					"@executable_path/Frameworks",
					"@loader_path/Frameworks",
				);
				PRODUCT_BUNDLE_IDENTIFIER = "asdf.hrubiecKatherine-GetMeThereUITests";
				PRODUCT_NAME = "$(TARGET_NAME)";
				SWIFT_VERSION = 4.2;
				TARGETED_DEVICE_FAMILY = "1,2";
				TEST_TARGET_NAME = hrubiecKatherine_GetMeThere;
			};
			name = Debug;
		};
		02EAA6162211065800C94CD0 /* Release */ = {
			isa = XCBuildConfiguration;
			baseConfigurationReference = 013182FE98690158A68C2220 /* Pods-hrubiecKatherine_GetMeThereUITests.release.xcconfig */;
			buildSettings = {
				ALWAYS_EMBED_SWIFT_STANDARD_LIBRARIES = YES;
				CODE_SIGN_STYLE = Automatic;
				DEVELOPMENT_TEAM = 88PN9Q8BCY;
				INFOPLIST_FILE = hrubiecKatherine_GetMeThereUITests/Info.plist;
				LD_RUNPATH_SEARCH_PATHS = (
					"$(inherited)",
					"@executable_path/Frameworks",
					"@loader_path/Frameworks",
				);
				PRODUCT_BUNDLE_IDENTIFIER = "asdf.hrubiecKatherine-GetMeThereUITests";
				PRODUCT_NAME = "$(TARGET_NAME)";
				SWIFT_VERSION = 4.2;
				TARGETED_DEVICE_FAMILY = "1,2";
				TEST_TARGET_NAME = hrubiecKatherine_GetMeThere;
			};
			name = Release;
		};
/* End XCBuildConfiguration section */

/* Begin XCConfigurationList section */
		02EAA5E12211065400C94CD0 /* Build configuration list for PBXProject "hrubiecKatherine_GetMeThere" */ = {
			isa = XCConfigurationList;
			buildConfigurations = (
				02EAA60C2211065800C94CD0 /* Debug */,
				02EAA60D2211065800C94CD0 /* Release */,
			);
			defaultConfigurationIsVisible = 0;
			defaultConfigurationName = Release;
		};
		02EAA60E2211065800C94CD0 /* Build configuration list for PBXNativeTarget "hrubiecKatherine_GetMeThere" */ = {
			isa = XCConfigurationList;
			buildConfigurations = (
				02EAA60F2211065800C94CD0 /* Debug */,
				02EAA6102211065800C94CD0 /* Release */,
			);
			defaultConfigurationIsVisible = 0;
			defaultConfigurationName = Release;
		};
		02EAA6112211065800C94CD0 /* Build configuration list for PBXNativeTarget "hrubiecKatherine_GetMeThereTests" */ = {
			isa = XCConfigurationList;
			buildConfigurations = (
				02EAA6122211065800C94CD0 /* Debug */,
				02EAA6132211065800C94CD0 /* Release */,
			);
			defaultConfigurationIsVisible = 0;
			defaultConfigurationName = Release;
		};
		02EAA6142211065800C94CD0 /* Build configuration list for PBXNativeTarget "hrubiecKatherine_GetMeThereUITests" */ = {
			isa = XCConfigurationList;
			buildConfigurations = (
				02EAA6152211065800C94CD0 /* Debug */,
				02EAA6162211065800C94CD0 /* Release */,
			);
			defaultConfigurationIsVisible = 0;
			defaultConfigurationName = Release;
		};
/* End XCConfigurationList section */
	};
	rootObject = 02EAA5DE2211065400C94CD0 /* Project object */;
}
